
Microsoft Visual Studio Solution File, Format Version 12.00
# Visual Studio Version 17
VisualStudioVersion = 17.6.33829.357
MinimumVisualStudioVersion = 10.0.40219.1
Project("{FAE04EC0-301F-11D3-BF4B-00C04F79EFBC}") = "CalculatorApp", "CalculatorApp.csproj", "{62D40A7F-1808-4FC1-953B-E935F315D328}"
EndProject
Project("{2150E333-8FDC-42A3-9474-1A3956D46DE8}") = "Solution Items", "Solution Items", "{1D7322CF-9442-4408-89C9-D69FC0B2BEBA}"
	ProjectSection(SolutionItems) = preProject
		Calculator.cs = Calculator.cs
	EndProjectSection
EndProject
Global
	GlobalSection(SolutionConfigurationPlatforms) = preSolution
		Debug|Any CPU = Debug|Any CPU
		Release|Any CPU = Release|Any CPU
	EndGlobalSection
	GlobalSection(ProjectConfigurationPlatforms) = postSolution
		{62D40A7F-1808-4FC1-953B-E935F315D328}.Debug|Any CPU.ActiveCfg = Debug|Any CPU
		{62D40A7F-1808-4FC1-953B-E935F315D328}.Debug|Any CPU.Build.0 = Debug|Any CPU
		{62D40A7F-1808-4FC1-953B-E935F315D328}.Release|Any CPU.ActiveCfg = Release|Any CPU
		{62D40A7F-1808-4FC1-953B-E935F315D328}.Release|Any CPU.Build.0 = Release|Any CPU
	EndGlobalSection
	GlobalSection(SolutionProperties) = preSolution
		HideSolutionNode = FALSE
	EndGlobalSection
	GlobalSection(ExtensibilityGlobals) = postSolution
		SolutionGuid = {89BB014A-A6A6-4A26-BB91-D00233360EF2}
	EndGlobalSection
EndGlobal
